
Microsoft Visual Studio Solution File, Format Version 12.00
# Visual Studio Version 17
VisualStudioVersion = 17.14.36301.6
MinimumVisualStudioVersion = 10.0.40219.1
Project("{2150E333-8FDC-42A3-9474-1A3956D46DE8}") = "Services", "Services", "{02EA681E-C7D8-13C7-8484-4AC65E1B71E8}"
EndProject
Project("{2150E333-8FDC-42A3-9474-1A3956D46DE8}") = "Catalog", "Catalog", "{C5E60069-6B02-452C-B2D7-8FDF4E18014A}"
EndProject
Project("{FAE04EC0-301F-11D3-BF4B-00C04F79EFBC}") = "Catalog.Api", "Services\Catalog\Catalog.Api\Catalog.Api.csproj", "{DC05FEF7-8E4A-4F16-BB59-5015008FCFF7}"
EndProject
Global
	GlobalSection(SolutionConfigurationPlatforms) = preSolution
		Debug|Any CPU = Debug|Any CPU
		Release|Any CPU = Release|Any CPU
	EndGlobalSection
	GlobalSection(ProjectConfigurationPlatforms) = postSolution
		{DC05FEF7-8E4A-4F16-BB59-5015008FCFF7}.Debug|Any CPU.ActiveCfg = Debug|Any CPU
		{DC05FEF7-8E4A-4F16-BB59-5015008FCFF7}.Debug|Any CPU.Build.0 = Debug|Any CPU
		{DC05FEF7-8E4A-4F16-BB59-5015008FCFF7}.Release|Any CPU.ActiveCfg = Release|Any CPU
		{DC05FEF7-8E4A-4F16-BB59-5015008FCFF7}.Release|Any CPU.Build.0 = Release|Any CPU
	EndGlobalSection
	GlobalSection(SolutionProperties) = preSolution
		HideSolutionNode = FALSE
	EndGlobalSection
	GlobalSection(NestedProjects) = preSolution
		{C5E60069-6B02-452C-B2D7-8FDF4E18014A} = {02EA681E-C7D8-13C7-8484-4AC65E1B71E8}
		{DC05FEF7-8E4A-4F16-BB59-5015008FCFF7} = {C5E60069-6B02-452C-B2D7-8FDF4E18014A}
	EndGlobalSection
	GlobalSection(ExtensibilityGlobals) = postSolution
		SolutionGuid = {D1D57B2C-5B4A-467B-8BFE-233809D86BAE}
	EndGlobalSection
EndGlobal
